{
  "lockfileVersion": 2,
  "configVersion": 1,
  "workspaces": {
    "": {
      "name": "laya-command-guard",
      "dependencies": {
        "laya-system-one": "1.3.3",
      },
      "devDependencies": {
        "@types/chrome": "^0.0.287",
        "esbuild": "^0.24.0",
        "typescript": "^5.6.0",
      },
    },
  },
  "packages": {
    "@esbuild/aix-ppc64": ["@esbuild/aix-ppc64@0.24.2", "", { "os": "aix", "cpu": "ppc64" }, "sha512-thpVCb/rhxE/BnMLQ7GReQLLN8q9qbHmI55F4489/ByVg2aQaQ6kbcLb6FHkocZzQhxc4gx0sCk0tJkKBFzDhA=="],

    "@esbuild/android-arm": ["@esbuild/android-arm@0.24.2", "", { "os": "android", "cpu": "arm" }, "sha512-tmwl4hJkCfNHwFB3nBa8z1Uy3ypZpxqxfTQOcHX+xRByyYgunVbZ9MzUUfb0RxaHIMnbHagwAxuTL+tnNM+1/Q=="],

    "@esbuild/android-arm64": ["@esbuild/android-arm64@0.24.2", "", { "os": "android", "cpu": "arm64" }, "sha512-cNLgeqCqV8WxfcTIOeL4OAtSmL8JjcN6m09XIgro1Wi7cF4t/THaWEa7eL5CMoMBdjoHOTh/vwTO/o2TRXIyzg=="],

    "@esbuild/android-x64": ["@esbuild/android-x64@0.24.2", "", { "os": "android", "cpu": "x64" }, "sha512-B6Q0YQDqMx9D7rvIcsXfmJfvUYLoP722bgfBlO5cGvNVb5V/+Y7nhBE3mHV9OpxBf4eAS2S68KZztiPaWq4XYw=="],

    "@esbuild/darwin-arm64": ["@esbuild/darwin-arm64@0.24.2", "", { "os": "darwin", "cpu": "arm64" }, "sha512-kj3AnYWc+CekmZnS5IPu9D+HWtUI49hbnyqk0FLEJDbzCIQt7hg7ucF1SQAilhtYpIujfaHr6O0UHlzzSPdOeA=="],

    "@esbuild/darwin-x64": ["@esbuild/darwin-x64@0.24.2", "", { "os": "darwin", "cpu": "x64" }, "sha512-WeSrmwwHaPkNR5H3yYfowhZcbriGqooyu3zI/3GGpF8AyUdsrrP0X6KumITGA9WOyiJavnGZUwPGvxvwfWPHIA=="],

    "@esbuild/freebsd-arm64": ["@esbuild/freebsd-arm64@0.24.2", "", { "os": "freebsd", "cpu": "arm64" }, "sha512-UN8HXjtJ0k/Mj6a9+5u6+2eZ2ERD7Edt1Q9IZiB5UZAIdPnVKDoG7mdTVGhHJIeEml60JteamR3qhsr1r8gXvg=="],

    "@esbuild/freebsd-x64": ["@esbuild/freebsd-x64@0.24.2", "", { "os": "freebsd", "cpu": "x64" }, "sha512-TvW7wE/89PYW+IevEJXZ5sF6gJRDY/14hyIGFXdIucxCsbRmLUcjseQu1SyTko+2idmCw94TgyaEZi9HUSOe3Q=="],

    "@esbuild/linux-arm": ["@esbuild/linux-arm@0.24.2", "", { "os": "linux", "cpu": "arm" }, "sha512-n0WRM/gWIdU29J57hJyUdIsk0WarGd6To0s+Y+LwvlC55wt+GT/OgkwoXCXvIue1i1sSNWblHEig00GBWiJgfA=="],

    "@esbuild/linux-arm64": ["@esbuild/linux-arm64@0.24.2", "", { "os": "linux", "cpu": "arm64" }, "sha512-7HnAD6074BW43YvvUmE/35Id9/NB7BeX5EoNkK9obndmZBUk8xmJJeU7DwmUeN7tkysslb2eSl6CTrYz6oEMQg=="],

    "@esbuild/linux-ia32": ["@esbuild/linux-ia32@0.24.2", "", { "os": "linux", "cpu": "ia32" }, "sha512-sfv0tGPQhcZOgTKO3oBE9xpHuUqguHvSo4jl+wjnKwFpapx+vUDcawbwPNuBIAYdRAvIDBfZVvXprIj3HA+Ugw=="],

    "@esbuild/linux-loong64": ["@esbuild/linux-loong64@0.24.2", "", { "os": "linux", "cpu": "none" }, "sha512-CN9AZr8kEndGooS35ntToZLTQLHEjtVB5n7dl8ZcTZMonJ7CCfStrYhrzF97eAecqVbVJ7APOEe18RPI4KLhwQ=="],

    "@esbuild/linux-mips64el": ["@esbuild/linux-mips64el@0.24.2", "", { "os": "linux", "cpu": "none" }, "sha512-iMkk7qr/wl3exJATwkISxI7kTcmHKE+BlymIAbHO8xanq/TjHaaVThFF6ipWzPHryoFsesNQJPE/3wFJw4+huw=="],

    "@esbuild/linux-ppc64": ["@esbuild/linux-ppc64@0.24.2", "", { "os": "linux", "cpu": "ppc64" }, "sha512-shsVrgCZ57Vr2L8mm39kO5PPIb+843FStGt7sGGoqiiWYconSxwTiuswC1VJZLCjNiMLAMh34jg4VSEQb+iEbw=="],

    "@esbuild/linux-riscv64": ["@esbuild/linux-riscv64@0.24.2", "", { "os": "linux", "cpu": "none" }, "sha512-4eSFWnU9Hhd68fW16GD0TINewo1L6dRrB+oLNNbYyMUAeOD2yCK5KXGK1GH4qD/kT+bTEXjsyTCiJGHPZ3eM9Q=="],

    "@esbuild/linux-s390x": ["@esbuild/linux-s390x@0.24.2", "", { "os": "linux", "cpu": "s390x" }, "sha512-S0Bh0A53b0YHL2XEXC20bHLuGMOhFDO6GN4b3YjRLK//Ep3ql3erpNcPlEFed93hsQAjAQDNsvcK+hV90FubSw=="],

    "@esbuild/linux-x64": ["@esbuild/linux-x64@0.24.2", "", { "os": "linux", "cpu": "x64" }, "sha512-8Qi4nQcCTbLnK9WoMjdC9NiTG6/E38RNICU6sUNqK0QFxCYgoARqVqxdFmWkdonVsvGqWhmm7MO0jyTqLqwj0Q=="],

    "@esbuild/netbsd-arm64": ["@esbuild/netbsd-arm64@0.24.2", "", { "os": "none", "cpu": "arm64" }, "sha512-wuLK/VztRRpMt9zyHSazyCVdCXlpHkKm34WUyinD2lzK07FAHTq0KQvZZlXikNWkDGoT6x3TD51jKQ7gMVpopw=="],

    "@esbuild/netbsd-x64": ["@esbuild/netbsd-x64@0.24.2", "", { "os": "none", "cpu": "x64" }, "sha512-VefFaQUc4FMmJuAxmIHgUmfNiLXY438XrL4GDNV1Y1H/RW3qow68xTwjZKfj/+Plp9NANmzbH5R40Meudu8mmw=="],

    "@esbuild/openbsd-arm64": ["@esbuild/openbsd-arm64@0.24.2", "", { "os": "openbsd", "cpu": "arm64" }, "sha512-YQbi46SBct6iKnszhSvdluqDmxCJA+Pu280Av9WICNwQmMxV7nLRHZfjQzwbPs3jeWnuAhE9Jy0NrnJ12Oz+0A=="],

    "@esbuild/openbsd-x64": ["@esbuild/openbsd-x64@0.24.2", "", { "os": "openbsd", "cpu": "x64" }, "sha512-+iDS6zpNM6EnJyWv0bMGLWSWeXGN/HTaF/LXHXHwejGsVi+ooqDfMCCTerNFxEkM3wYVcExkeGXNqshc9iMaOA=="],

    "@esbuild/sunos-x64": ["@esbuild/sunos-x64@0.24.2", "", { "os": "sunos", "cpu": "x64" }, "sha512-hTdsW27jcktEvpwNHJU4ZwWFGkz2zRJUz8pvddmXPtXDzVKTTINmlmga3ZzwcuMpUvLw7JkLy9QLKyGpD2Yxig=="],

    "@esbuild/win32-arm64": ["@esbuild/win32-arm64@0.24.2", "", { "os": "win32", "cpu": "arm64" }, "sha512-LihEQ2BBKVFLOC9ZItT9iFprsE9tqjDjnbulhHoFxYQtQfai7qfluVODIYxt1PgdoyQkz23+01rzwNwYfutxUQ=="],

    "@esbuild/win32-ia32": ["@esbuild/win32-ia32@0.24.2", "", { "os": "win32", "cpu": "ia32" }, "sha512-q+iGUwfs8tncmFC9pcnD5IvRHAzmbwQ3GPS5/ceCyHdjXubwQWI12MKWSNSMYLJMq23/IUCvJMS76PDqXe1fxA=="],

    "@esbuild/win32-x64": ["@esbuild/win32-x64@0.24.2", "", { "os": "win32", "cpu": "x64" }, "sha512-7VTgWzgMGvup6aSqDPLiW5zHaxYJGTO4OokMjIlrCtf+VpEL+cXKtCvg723iguPYI5oaUNdS+/V7OU2gvXVWEg=="],

    "@sys-one/laya-model-chunk-00": ["@sys-one/laya-model-chunk-00@1.1.0", "", {}, "sha512-HZmxXPYxS7pJuzRskY11cCzUVNHxNiRTEpJ5UD+EV1OZdMTI1zDJZWuamr/k163TjyJw3ASA+LIOtcc7UKuqhg=="],

    "@sys-one/laya-model-chunk-01": ["@sys-one/laya-model-chunk-01@1.1.0", "", {}, "sha512-hfW7i0Yz+A1D/xCpapLxRQnm1+tYQ7ZleNc9Xk6bT3lFYqfFPUpnciSIk2PgwwpBXFC2Q9swdadIvF+E2vCrfw=="],

    "@sys-one/laya-model-chunk-02": ["@sys-one/laya-model-chunk-02@1.1.0", "", {}, "sha512-dvfL08GhQp2xyoMC3lOryVEWYTP/xwtzQuxeiYdYEfOccSj3bbl5+qGJgAMf5y5SaZhvsWo/4hB6oJH5V14Xlw=="],

    "@sys-one/laya-model-chunk-03": ["@sys-one/laya-model-chunk-03@1.1.0", "", {}, "sha512-rxCAtc/XZ5w59Cuihp9m3E3yoXLgm2kFfSBaKzPyzGlcE9xySGn9QZZx1BpGaDiCSopr56JUTj3CbyMWKYfPOg=="],

    "@sys-one/laya-model-chunk-04": ["@sys-one/laya-model-chunk-04@1.1.0", "", {}, "sha512-mrRaEvD2ThhZ6PZQjaLlMWjSa+8cWnxGBv4n0sSAQzuR9dUJ1EGw6vxn2vvMOwMET0F+qbQf68bMiZ3NEivtgQ=="],

    "@sys-one/laya-model-chunk-05": ["@sys-one/laya-model-chunk-05@1.1.0", "", {}, "sha512-w66/Xt5ZL+dU7QFMr2Cw1YgUm9x58H6pQlKo4LL4V5c8LmEA98DQsDX6UD0EenhjURyMZHwwLv8Uqo1eZk4Dng=="],

    "@sys-one/laya-model-chunk-06": ["@sys-one/laya-model-chunk-06@1.1.0", "", {}, "sha512-OfjBXoVNpH6AVM8bFCTHk30G112Od2aJZ6WWkJuGFbbN1BbZgr23oPsaLaX4KaNuZWSdH/BYeguvwvAR4hdOEA=="],

    "@sys-one/laya-model-chunk-07": ["@sys-one/laya-model-chunk-07@1.1.0", "", {}, "sha512-gaIAfBOrhuVLYHV9hqml8XccPwn5IZ3guuhLAXb/YyIApFjD4p1bRO4l1a/8ifuIBnIJKy4OFMGzxFr0Ah6+4Q=="],

    "@sys-one/laya-model-chunk-08": ["@sys-one/laya-model-chunk-08@1.1.0", "", {}, "sha512-qwcWnBfAt9k9xIOxjxaHseDTmZNOnsvj4LGHZRoQHrwkKElbhAnxDWoTu8SX3ZfgM5QZSDTGDumQOPyxosQvcQ=="],

    "@sys-one/laya-model-chunk-09": ["@sys-one/laya-model-chunk-09@1.1.0", "", {}, "sha512-YW2xMSmLQGGMTOFy5KON8+k/8KBWKF2iYK6mtZkw7gQv5jbZGfjHeO1c/llD02ANQuCkLeCiH8SwsxlqMkFzoA=="],

    "@sys-one/laya-model-chunk-10": ["@sys-one/laya-model-chunk-10@1.1.0", "", {}, "sha512-TEYF64MARvwq43Kuh9WrWwx/O3TQAekCtjTiF7kV8ZoXXtvXIkoCIrHoVS9ZYUa7uhZwx88NlCFCVDDS1B3Z4g=="],

    "@sys-one/laya-model-chunk-11": ["@sys-one/laya-model-chunk-11@1.1.0", "", {}, "sha512-7tkptkJRg+/goqLM3RUkEPvPLwjQYyRCkEAHxGJ7nky2UlhRn88j0op8cBYBDXv2fypv/MH/Am8txzM9YdG8ow=="],

    "@sys-one/laya-model-chunk-12": ["@sys-one/laya-model-chunk-12@1.1.0", "", {}, "sha512-fN9Usy5mUIE8ffBy1A+JodewMMXcidzcSSIAncG4dE4ARF7Hlk2Y1q9Iura+RHFM6VSAhVrrw12pVNU89+Tdgw=="],

    "@sys-one/laya-serve-darwin-arm64": ["@sys-one/laya-serve-darwin-arm64@1.3.3", "", { "os": "darwin", "cpu": "arm64" }, "sha512-ghPuyiZqBZI8NW1+C1tJkjveBr/tRL1nnQ3/0G242jsA/tgjH7Lapy5z3YmyMWFHoPInAtszDUy1mCKYnqwopg=="],

    "@sys-one/laya-serve-darwin-x64": ["@sys-one/laya-serve-darwin-x64@1.3.3", "", { "os": "darwin", "cpu": "x64" }, "sha512-dS7xymyZCe/gwxBIfW4HG0xlrq7i331CqSFvncyhKeJgF7bmpK32x/jeQadej9FwjQnFIemwxx+BvY5yjlxWDA=="],

    "@sys-one/laya-serve-linux-arm64": ["@sys-one/laya-serve-linux-arm64@1.3.3", "", { "os": "linux", "cpu": "arm64" }, "sha512-tYThk9VQzLoZ/I28qz7laVJVWixCbILGRTOWOZ+oCWjIdNhNNi+htXKW4f6+9TP1sGWjgyTEnN8e/tgNpGvfBg=="],

    "@sys-one/laya-serve-linux-x64": ["@sys-one/laya-serve-linux-x64@1.3.3", "", { "os": "linux", "cpu": "x64" }, "sha512-yH0Gu8N/zEy35WMffvWXNPM0D1tn345sS8S874yUd7tmY34bARqPG+NyDB0+uBsbW50vU1sojcu8KbUULoKpQA=="],

    "@sys-one/laya-serve-universal": ["@sys-one/laya-serve-universal@1.3.3", "", { "os": "!android", "cpu": [ "arm", "ia32", "mips", "ppc64", "s390x", ] }, "sha512-1IPUzm9UKJg08gg1mEEEwY4k3xsNnwrWeAj74KtG411PkI7iTyCt0S4LgXEWT/kDEoW+5W5ZNZYPuDdYqb0XgQ=="],

    "@sys-one/laya-serve-win32-arm64": ["@sys-one/laya-serve-win32-arm64@1.3.3", "", { "os": "win32", "cpu": "arm64" }, "sha512-xJrzquwzewfpQBeCj2RlX/oXNmOnsSyhkyDDclel/5lSngUNSFDv+goLHX7/fkYw/oKQmCijrzGh1TLeiiRn0A=="],

    "@sys-one/laya-serve-win32-x64": ["@sys-one/laya-serve-win32-x64@1.3.3", "", { "os": "win32", "cpu": "x64" }, "sha512-RNTwqda/6/MinazKAgbo6dtioWxIeHuQ5D3M9+9dE6ptudAs69LTeaRYgcKcPYdf0A8cF3TrRW27djst67x2pA=="],

    "@types/chrome": ["@types/chrome@0.0.287", "", { "dependencies": { "@types/filesystem": "*", "@types/har-format": "*" } }, "sha512-wWhBNPNXZHwycHKNYnexUcpSbrihVZu++0rdp6GEk5ZgAglenLx+RwdEouh6FrHS0XQiOxSd62yaujM1OoQlZQ=="],

    "@types/filesystem": ["@types/filesystem@0.0.36", "", { "dependencies": { "@types/filewriter": "*" } }, "sha512-vPDXOZuannb9FZdxgHnqSwAG/jvdGM8Wq+6N4D/d80z+D4HWH+bItqsZaVRQykAn6WEVeEkLm2oQigyHtgb0RA=="],

    "@types/filewriter": ["@types/filewriter@0.0.33", "", {}, "sha512-xFU8ZXTw4gd358lb2jw25nxY9QAgqn2+bKKjKOYfNCzN4DKCFetK7sPtrlpg66Ywe3vWY9FNxprZawAh9wfJ3g=="],

    "@types/har-format": ["@types/har-format@1.2.16", "", {}, "sha512-fluxdy7ryD3MV6h8pTfTYpy/xQzCFC7m89nOH9y94cNqJ1mDIDPut7MnRHI3F6qRmh/cT2fUjG1MLdCNb4hE9A=="],

    "esbuild": ["esbuild@0.24.2", "", { "optionalDependencies": { "@esbuild/aix-ppc64": "0.24.2", "@esbuild/android-arm": "0.24.2", "@esbuild/android-arm64": "0.24.2", "@esbuild/android-x64": "0.24.2", "@esbuild/darwin-arm64": "0.24.2", "@esbuild/darwin-x64": "0.24.2", "@esbuild/freebsd-arm64": "0.24.2", "@esbuild/freebsd-x64": "0.24.2", "@esbuild/linux-arm": "0.24.2", "@esbuild/linux-arm64": "0.24.2", "@esbuild/linux-ia32": "0.24.2", "@esbuild/linux-loong64": "0.24.2", "@esbuild/linux-mips64el": "0.24.2", "@esbuild/linux-ppc64": "0.24.2", "@esbuild/linux-riscv64": "0.24.2", "@esbuild/linux-s390x": "0.24.2", "@esbuild/linux-x64": "0.24.2", "@esbuild/netbsd-arm64": "0.24.2", "@esbuild/netbsd-x64": "0.24.2", "@esbuild/openbsd-arm64": "0.24.2", "@esbuild/openbsd-x64": "0.24.2", "@esbuild/sunos-x64": "0.24.2", "@esbuild/win32-arm64": "0.24.2", "@esbuild/win32-ia32": "0.24.2", "@esbuild/win32-x64": "0.24.2" }, "bin": { "esbuild": "bin/esbuild" } }, "sha512-+9egpBW8I3CD5XPe0n6BfT5fxLzxrlDzqydF3aviG+9ni1lDC/OvMHcxqEFV0+LANZG5R1bFMWfUrjVsdwxJvA=="],

    "laya-system-one": ["laya-system-one@1.3.3", "", { "optionalDependencies": { "@sys-one/laya-model-chunk-00": "1.1.0", "@sys-one/laya-model-chunk-01": "1.1.0", "@sys-one/laya-model-chunk-02": "1.1.0", "@sys-one/laya-model-chunk-03": "1.1.0", "@sys-one/laya-model-chunk-04": "1.1.0", "@sys-one/laya-model-chunk-05": "1.1.0", "@sys-one/laya-model-chunk-06": "1.1.0", "@sys-one/laya-model-chunk-07": "1.1.0", "@sys-one/laya-model-chunk-08": "1.1.0", "@sys-one/laya-model-chunk-09": "1.1.0", "@sys-one/laya-model-chunk-10": "1.1.0", "@sys-one/laya-model-chunk-11": "1.1.0", "@sys-one/laya-model-chunk-12": "1.1.0", "@sys-one/laya-serve-darwin-arm64": "1.3.3", "@sys-one/laya-serve-darwin-x64": "1.3.3", "@sys-one/laya-serve-linux-arm64": "1.3.3", "@sys-one/laya-serve-linux-x64": "1.3.3", "@sys-one/laya-serve-universal": "1.3.3", "@sys-one/laya-serve-win32-arm64": "1.3.3", "@sys-one/laya-serve-win32-x64": "1.3.3" }, "bin": { "laya-system-one": "bin/cli.js" } }, "sha512-3PcNuCsTtBPnjDvNq9wQ4KIfigvM+DRa0a9ObiUQlquWokgsDeO5sOPX70ptXfh58wOevKfND3RnIyqJlboxLg=="],

    "typescript": ["typescript@5.9.3", "", { "bin": { "tsc": "bin/tsc", "tsserver": "bin/tsserver" } }, "sha512-jl1vZzPDinLr9eUt3J/t7V6FgNEw9QjvBPdysz9KfQDD41fQrC2Y4vKQdiaUpFT4bXlb1RHhLpp8wtm6M5TgSw=="],
  }
}
